
Microsoft Visual Studio Solution File, Format Version 12.00
# Visual Studio Version 17
VisualStudioVersion = 17.5.33627.172
MinimumVisualStudioVersion = 10.0.40219.1
Project("{FAE04EC0-301F-11D3-BF4B-00C04F79EFBC}") = "StateMgtMVCDemo", "StateMgtMVCDemo\StateMgtMVCDemo.csproj", "{89CAAFB6-CFA7-4C8D-9483-331F5BCA1E5E}"
EndProject
Global
	GlobalSection(SolutionConfigurationPlatforms) = preSolution
		Debug|Any CPU = Debug|Any CPU
		Release|Any CPU = Release|Any CPU
	EndGlobalSection
	GlobalSection(ProjectConfigurationPlatforms) = postSolution
		{89CAAFB6-CFA7-4C8D-9483-331F5BCA1E5E}.Debug|Any CPU.ActiveCfg = Debug|Any CPU
		{89CAAFB6-CFA7-4C8D-9483-331F5BCA1E5E}.Debug|Any CPU.Build.0 = Debug|Any CPU
		{89CAAFB6-CFA7-4C8D-9483-331F5BCA1E5E}.Release|Any CPU.ActiveCfg = Release|Any CPU
		{89CAAFB6-CFA7-4C8D-9483-331F5BCA1E5E}.Release|Any CPU.Build.0 = Release|Any CPU
	EndGlobalSection
	GlobalSection(SolutionProperties) = preSolution
		HideSolutionNode = FALSE
	EndGlobalSection
	GlobalSection(ExtensibilityGlobals) = postSolution
		SolutionGuid = {D3129695-3650-4178-9845-2634688062F2}
	EndGlobalSection
EndGlobal
